
Microsoft Visual Studio Solution File, Format Version 12.00
# Visual Studio 2013
VisualStudioVersion = 12.0.31101.0
MinimumVisualStudioVersion = 10.0.40219.1
Project("{FAE04EC0-301F-11D3-BF4B-00C04F79EFBC}") = "Confluent.RestClient", "Confluent.RestClient\Confluent.RestClient.csproj", "{FE197343-C31F-4C1D-B32B-2DF90917DA13}"
EndProject
Project("{FAE04EC0-301F-11D3-BF4B-00C04F79EFBC}") = "Confluent.TestHarness", "Confluent.TestHarness\Confluent.TestHarness.csproj", "{B42AB312-4EA4-4A1B-9015-73FBF3A99307}"
EndProject
Global
	GlobalSection(SolutionConfigurationPlatforms) = preSolution
		Debug|Any CPU = Debug|Any CPU
		Release|Any CPU = Release|Any CPU
	EndGlobalSection
	GlobalSection(ProjectConfigurationPlatforms) = postSolution
		{FE197343-C31F-4C1D-B32B-2DF90917DA13}.Debug|Any CPU.ActiveCfg = Debug|Any CPU
		{FE197343-C31F-4C1D-B32B-2DF90917DA13}.Debug|Any CPU.Build.0 = Debug|Any CPU
		{FE197343-C31F-4C1D-B32B-2DF90917DA13}.Release|Any CPU.ActiveCfg = Release|Any CPU
		{FE197343-C31F-4C1D-B32B-2DF90917DA13}.Release|Any CPU.Build.0 = Release|Any CPU
		{B42AB312-4EA4-4A1B-9015-73FBF3A99307}.Debug|Any CPU.ActiveCfg = Debug|Any CPU
		{B42AB312-4EA4-4A1B-9015-73FBF3A99307}.Debug|Any CPU.Build.0 = Debug|Any CPU
		{B42AB312-4EA4-4A1B-9015-73FBF3A99307}.Release|Any CPU.ActiveCfg = Release|Any CPU
		{B42AB312-4EA4-4A1B-9015-73FBF3A99307}.Release|Any CPU.Build.0 = Release|Any CPU
	EndGlobalSection
	GlobalSection(SolutionProperties) = preSolution
		HideSolutionNode = FALSE
	EndGlobalSection
EndGlobal
